
Microsoft Visual Studio Solution File, Format Version 12.00
# Visual Studio 15
VisualStudioVersion = 15.0.28010.0
MinimumVisualStudioVersion = 10.0.40219.1
Project("{FAE04EC0-301F-11D3-BF4B-00C04F79EFBC}") = "Lewd Images", "Lewd Images\Lewd Images.csproj", "{F33C4553-5562-419A-84F2-1216D6873937}"
EndProject
Global
	GlobalSection(SolutionConfigurationPlatforms) = preSolution
		Debug|Any CPU = Debug|Any CPU
		Release|Any CPU = Release|Any CPU
	EndGlobalSection
	GlobalSection(ProjectConfigurationPlatforms) = postSolution
		{F33C4553-5562-419A-84F2-1216D6873937}.Debug|Any CPU.ActiveCfg = Debug|Any CPU
		{F33C4553-5562-419A-84F2-1216D6873937}.Debug|Any CPU.Build.0 = Debug|Any CPU
		{F33C4553-5562-419A-84F2-1216D6873937}.Debug|Any CPU.Deploy.0 = Debug|Any CPU
		{F33C4553-5562-419A-84F2-1216D6873937}.Release|Any CPU.ActiveCfg = Release|Any CPU
		{F33C4553-5562-419A-84F2-1216D6873937}.Release|Any CPU.Build.0 = Release|Any CPU
		{F33C4553-5562-419A-84F2-1216D6873937}.Release|Any CPU.Deploy.0 = Release|Any CPU
	EndGlobalSection
	GlobalSection(SolutionProperties) = preSolution
		HideSolutionNode = FALSE
	EndGlobalSection
	GlobalSection(ExtensibilityGlobals) = postSolution
		SolutionGuid = {19E0EE5B-3D6E-4FE4-907C-9F6CC3DFF2C2}
	EndGlobalSection
EndGlobal
